
Microsoft Visual Studio Solution File, Format Version 12.00
# Visual Studio 15
VisualStudioVersion = 15.0.26124.0
MinimumVisualStudioVersion = 15.0.26124.0
Project("{FAE04EC0-301F-11D3-BF4B-00C04F79EFBC}") = "Calculators", "Calculators\Calculators.csproj", "{50E93403-0028-4AAF-A44D-8E5735A9FD36}"
EndProject
Project("{FAE04EC0-301F-11D3-BF4B-00C04F79EFBC}") = "Calculators.Tests", "Calculators.Tests\Calculators.Tests.csproj", "{02D92E8A-34C9-46FA-95CF-628ADBEA3E3F}"
EndProject
Global
	GlobalSection(SolutionConfigurationPlatforms) = preSolution
		Debug|Any CPU = Debug|Any CPU
		Debug|x64 = Debug|x64
		Debug|x86 = Debug|x86
		Release|Any CPU = Release|Any CPU
		Release|x64 = Release|x64
		Release|x86 = Release|x86
	EndGlobalSection
	GlobalSection(SolutionProperties) = preSolution
		HideSolutionNode = FALSE
	EndGlobalSection
	GlobalSection(ProjectConfigurationPlatforms) = postSolution
		{50E93403-0028-4AAF-A44D-8E5735A9FD36}.Debug|Any CPU.ActiveCfg = Debug|Any CPU
		{50E93403-0028-4AAF-A44D-8E5735A9FD36}.Debug|Any CPU.Build.0 = Debug|Any CPU
		{50E93403-0028-4AAF-A44D-8E5735A9FD36}.Debug|x64.ActiveCfg = Debug|Any CPU
		{50E93403-0028-4AAF-A44D-8E5735A9FD36}.Debug|x64.Build.0 = Debug|Any CPU
		{50E93403-0028-4AAF-A44D-8E5735A9FD36}.Debug|x86.ActiveCfg = Debug|Any CPU
		{50E93403-0028-4AAF-A44D-8E5735A9FD36}.Debug|x86.Build.0 = Debug|Any CPU
		{50E93403-0028-4AAF-A44D-8E5735A9FD36}.Release|Any CPU.ActiveCfg = Release|Any CPU
		{50E93403-0028-4AAF-A44D-8E5735A9FD36}.Release|Any CPU.Build.0 = Release|Any CPU
		{50E93403-0028-4AAF-A44D-8E5735A9FD36}.Release|x64.ActiveCfg = Release|Any CPU
		{50E93403-0028-4AAF-A44D-8E5735A9FD36}.Release|x64.Build.0 = Release|Any CPU
		{50E93403-0028-4AAF-A44D-8E5735A9FD36}.Release|x86.ActiveCfg = Release|Any CPU
		{50E93403-0028-4AAF-A44D-8E5735A9FD36}.Release|x86.Build.0 = Release|Any CPU
		{02D92E8A-34C9-46FA-95CF-628ADBEA3E3F}.Debug|Any CPU.ActiveCfg = Debug|Any CPU
		{02D92E8A-34C9-46FA-95CF-628ADBEA3E3F}.Debug|Any CPU.Build.0 = Debug|Any CPU
		{02D92E8A-34C9-46FA-95CF-628ADBEA3E3F}.Debug|x64.ActiveCfg = Debug|Any CPU
		{02D92E8A-34C9-46FA-95CF-628ADBEA3E3F}.Debug|x64.Build.0 = Debug|Any CPU
		{02D92E8A-34C9-46FA-95CF-628ADBEA3E3F}.Debug|x86.ActiveCfg = Debug|Any CPU
		{02D92E8A-34C9-46FA-95CF-628ADBEA3E3F}.Debug|x86.Build.0 = Debug|Any CPU
		{02D92E8A-34C9-46FA-95CF-628ADBEA3E3F}.Release|Any CPU.ActiveCfg = Release|Any CPU
		{02D92E8A-34C9-46FA-95CF-628ADBEA3E3F}.Release|Any CPU.Build.0 = Release|Any CPU
		{02D92E8A-34C9-46FA-95CF-628ADBEA3E3F}.Release|x64.ActiveCfg = Release|Any CPU
		{02D92E8A-34C9-46FA-95CF-628ADBEA3E3F}.Release|x64.Build.0 = Release|Any CPU
		{02D92E8A-34C9-46FA-95CF-628ADBEA3E3F}.Release|x86.ActiveCfg = Release|Any CPU
		{02D92E8A-34C9-46FA-95CF-628ADBEA3E3F}.Release|x86.Build.0 = Release|Any CPU
	EndGlobalSection
EndGlobal
